# This file is automatically @generated by Cargo.
# It is not intended for manual editing.
version = 3

[[package]]
name = "osfmk-arch"
version = "0.1.0"

[[package]]
name = "osfmk-core"
version = "0.1.0"

[[package]]
name = "osfmk-device"
version = "0.1.0"

[[package]]
name = "osfmk-fs"
version = "0.1.0"

[[package]]
name = "osfmk-net"
version = "0.1.0"

[[package]]
name = "osfmk-sim"
version = "0.1.0"

[[package]]
name = "osfmk-startup"
version = "0.1.0"

[[package]]
name = "osfmk-sys"
version = "0.1.0"
